// !$*UTF8*$!
{
	archiveVersion = 1;
	classes = {
	};
	objectVersion = 56;
	objects = {

/* Begin PBXBuildFile section */
		035C2AEC25D8ABC400429458 /* com.github.macadmins.Nudge.json in Resources */ = {isa = PBXBuildFile; fileRef = 035C2AEB25D8ABC400429458 /* com.github.macadmins.Nudge.json */; };
		0B0CCEDA25CE1C7C00A93D43 /* OSVersion.swift in Sources */ = {isa = PBXBuildFile; fileRef = 0B0CCED925CE1C7C00A93D43 /* OSVersion.swift */; };
		0BC9972C25CE2DFC0019FC8F /* OSVersionTests.swift in Sources */ = {isa = PBXBuildFile; fileRef = 0BC9972B25CE2DFC0019FC8F /* OSVersionTests.swift */; };
		414550A827C65A4100D756E3 /* BackgroundBlur.swift in Sources */ = {isa = PBXBuildFile; fileRef = 414550A727C65A4100D756E3 /* BackgroundBlur.swift */; };
		41AD2B0026DE65B1004C52B1 /* QuitButtons.swift in Sources */ = {isa = PBXBuildFile; fileRef = 41AD2AFF26DE65B1004C52B1 /* QuitButtons.swift */; };
		41AD2B0226DE6947004C52B1 /* AdditionalInfoButton.swift in Sources */ = {isa = PBXBuildFile; fileRef = 41AD2B0126DE6947004C52B1 /* AdditionalInfoButton.swift */; };
		41AD2B0426DE6A6B004C52B1 /* CompanyLogo.swift in Sources */ = {isa = PBXBuildFile; fileRef = 41AD2B0326DE6A6B004C52B1 /* CompanyLogo.swift */; };
		41AD2B0626DEDB61004C52B1 /* InformationButton.swift in Sources */ = {isa = PBXBuildFile; fileRef = 41AD2B0526DEDB61004C52B1 /* InformationButton.swift */; };
		5836861425DACFE90004514C /* Logger.swift in Sources */ = {isa = PBXBuildFile; fileRef = 5836861325DACFE90004514C /* Logger.swift */; };
		5836861C25DAD01C0004514C /* SoftwareUpdate.swift in Sources */ = {isa = PBXBuildFile; fileRef = 5836861B25DAD01C0004514C /* SoftwareUpdate.swift */; };
		6316F0E72832CA0700E1354D /* Schema in Resources */ = {isa = PBXBuildFile; fileRef = 6316F0E62832CA0700E1354D /* Schema */; };
		631A6D762BF2654000DC1EF3 /* sofa.swift in Sources */ = {isa = PBXBuildFile; fileRef = 631A6D752BF2654000DC1EF3 /* sofa.swift */; };
		633C4C712C3F6465005720F0 /* CHANGELOG.md in Resources */ = {isa = PBXBuildFile; fileRef = 633C4C702C3F6465005720F0 /* CHANGELOG.md */; };
		6347351D2B45DC2400C3401D /* CloseButton.swift in Sources */ = {isa = PBXBuildFile; fileRef = 6347351C2B45DC2400C3401D /* CloseButton.swift */; };
		634CE1092BB47480002C26C4 /* gdmf.swift in Sources */ = {isa = PBXBuildFile; fileRef = 634CE1082BB47480002C26C4 /* gdmf.swift */; };
		634CE10A2BB47480002C26C4 /* gdmf.swift in Sources */ = {isa = PBXBuildFile; fileRef = 634CE1082BB47480002C26C4 /* gdmf.swift */; };
		634CE10B2BB47480002C26C4 /* gdmf.swift in Sources */ = {isa = PBXBuildFile; fileRef = 634CE1082BB47480002C26C4 /* gdmf.swift */; };
		636B9C0226CACCAB0007BE3B /* DeferView.swift in Sources */ = {isa = PBXBuildFile; fileRef = 636B9C0126CACCAB0007BE3B /* DeferView.swift */; };
		636C4B4A25D1BECE0004A791 /* DefaultPreferencesNudge.swift in Sources */ = {isa = PBXBuildFile; fileRef = 636C4B4925D1BECE0004A791 /* DefaultPreferencesNudge.swift */; };
		636C4B7625D4306A0004A791 /* UILogic.swift in Sources */ = {isa = PBXBuildFile; fileRef = 636C4B7525D4306A0004A791 /* UILogic.swift */; };
		637CEBC12A30C9E700EFA3E9 /* Localizable.xcstrings in Resources */ = {isa = PBXBuildFile; fileRef = 637CEBC02A30C9E700EFA3E9 /* Localizable.xcstrings */; };
		6388B6972BFE363B0094F26B /* com.github.macadmins.Nudge.tester.plist in Resources */ = {isa = PBXBuildFile; fileRef = 6388B6962BFE363B0094F26B /* com.github.macadmins.Nudge.tester.plist */; };
		639B6B0F25DC9ED300E38EC1 /* com.github.macadmins.Nudge.mobileconfig in Resources */ = {isa = PBXBuildFile; fileRef = 639B6B0E25DC9ED300E38EC1 /* com.github.macadmins.Nudge.mobileconfig */; };
		639B6B3B25DF200C00E38EC1 /* Preferences.swift in Sources */ = {isa = PBXBuildFile; fileRef = 639B6B3A25DF200C00E38EC1 /* Preferences.swift */; };
		639B6B5825DF377B00E38EC1 /* DeviceInfo.swift in Sources */ = {isa = PBXBuildFile; fileRef = 639B6B5725DF377B00E38EC1 /* DeviceInfo.swift */; };
		639B6B6025DF37F000E38EC1 /* ScreenShotZoom.swift in Sources */ = {isa = PBXBuildFile; fileRef = 639B6B5F25DF37F000E38EC1 /* ScreenShotZoom.swift */; };
		639B6B6E25DF3C3F00E38EC1 /* SimpleMode.swift in Sources */ = {isa = PBXBuildFile; fileRef = 639B6B6D25DF3C3F00E38EC1 /* SimpleMode.swift */; };
		639B6BA225DF41DB00E38EC1 /* LeftSide.swift in Sources */ = {isa = PBXBuildFile; fileRef = 639B6BA125DF41DB00E38EC1 /* LeftSide.swift */; };
		639B6BA725DF432D00E38EC1 /* RightSide.swift in Sources */ = {isa = PBXBuildFile; fileRef = 639B6BA625DF432D00E38EC1 /* RightSide.swift */; };
		639E198225CD885D008F618B /* PreferencesStructure.swift in Sources */ = {isa = PBXBuildFile; fileRef = 639E198125CD885D008F618B /* PreferencesStructure.swift */; };
		639E198A25CD9E21008F618B /* Utils.swift in Sources */ = {isa = PBXBuildFile; fileRef = 639E198925CD9E21008F618B /* Utils.swift */; };
		63C39C192A38CF540049EF62 /* Defaults.swift in Sources */ = {isa = PBXBuildFile; fileRef = 63C39C182A38CF540049EF62 /* Defaults.swift */; };
		63C39C1B2A38D33C0049EF62 /* Extensions.swift in Sources */ = {isa = PBXBuildFile; fileRef = 63C39C1A2A38D33C0049EF62 /* Extensions.swift */; };
		63C6A08E2833FB6500D5264A /* com.github.macadmins.Nudge.tester.json in Resources */ = {isa = PBXBuildFile; fileRef = 63C6A08D2833FB6500D5264A /* com.github.macadmins.Nudge.tester.json */; };
		63D7D0E325C9E9A400236281 /* Main.swift in Sources */ = {isa = PBXBuildFile; fileRef = 63D7D0E225C9E9A400236281 /* Main.swift */; };
		63D7D0E725C9E9A500236281 /* Assets.xcassets in Resources */ = {isa = PBXBuildFile; fileRef = 63D7D0E625C9E9A500236281 /* Assets.xcassets */; };
		63D7D0EA25C9E9A500236281 /* Preview Assets.xcassets in Resources */ = {isa = PBXBuildFile; fileRef = 63D7D0E925C9E9A500236281 /* Preview Assets.xcassets */; };
		63D7D0F625C9E9A500236281 /* NudgeTests.swift in Sources */ = {isa = PBXBuildFile; fileRef = 63D7D0F525C9E9A500236281 /* NudgeTests.swift */; };
		63D7D10125C9E9A500236281 /* NudgeUITests.swift in Sources */ = {isa = PBXBuildFile; fileRef = 63D7D10025C9E9A500236281 /* NudgeUITests.swift */; };
		63D7D12725C9F1EE00236281 /* StandardMode.swift in Sources */ = {isa = PBXBuildFile; fileRef = 63D7D12625C9F1EE00236281 /* StandardMode.swift */; };
		63FD280F2B96846A004E0108 /* postinstall-launchagent in Resources */ = {isa = PBXBuildFile; fileRef = 63FD280B2B9682CD004E0108 /* postinstall-launchagent */; };
		63FD28102B96846E004E0108 /* postinstall-logger in Resources */ = {isa = PBXBuildFile; fileRef = 63FD280C2B9682F9004E0108 /* postinstall-logger */; };
		63FD28122B968475004E0108 /* postinstall-nudge in Resources */ = {isa = PBXBuildFile; fileRef = 63FD280E2B96831F004E0108 /* postinstall-nudge */; };
		73CC1D7829B81EE500FBF8E2 /* com.github.macadmins.Nudge.SMAppService.plist in Resources */ = {isa = PBXBuildFile; fileRef = 73CC1D7729B81EE500FBF8E2 /* com.github.macadmins.Nudge.SMAppService.plist */; };
		73CC1D7A29B81F0600FBF8E2 /* com.github.macadmins.Nudge.SMAppService.plist in CopyFiles */ = {isa = PBXBuildFile; fileRef = 73CC1D7729B81EE500FBF8E2 /* com.github.macadmins.Nudge.SMAppService.plist */; settings = {ATTRIBUTES = (CodeSignOnCopy, ); }; };
/* End PBXBuildFile section */

/* Begin PBXContainerItemProxy section */
		63D7D0F225C9E9A500236281 /* PBXContainerItemProxy */ = {
			isa = PBXContainerItemProxy;
			containerPortal = 63D7D0D725C9E9A400236281 /* Project object */;
			proxyType = 1;
			remoteGlobalIDString = 63D7D0DE25C9E9A400236281;
			remoteInfo = Nudge;
		};
		63D7D0FD25C9E9A500236281 /* PBXContainerItemProxy */ = {
			isa = PBXContainerItemProxy;
			containerPortal = 63D7D0D725C9E9A400236281 /* Project object */;
			proxyType = 1;
			remoteGlobalIDString = 63D7D0DE25C9E9A400236281;
			remoteInfo = Nudge;
		};
/* End PBXContainerItemProxy section */

/* Begin PBXCopyFilesBuildPhase section */
		73CC1D7929B81EF100FBF8E2 /* CopyFiles */ = {
			isa = PBXCopyFilesBuildPhase;
			buildActionMask = 2147483647;
			dstPath = Nudge.app/Contents/Library/LaunchAgents;
			dstSubfolderSpec = 16;
			files = (
				73CC1D7A29B81F0600FBF8E2 /* com.github.macadmins.Nudge.SMAppService.plist in CopyFiles */,
			);
			runOnlyForDeploymentPostprocessing = 0;
		};
/* End PBXCopyFilesBuildPhase section */

/* Begin PBXFileReference section */
		035C2AEB25D8ABC400429458 /* com.github.macadmins.Nudge.json */ = {isa = PBXFileReference; lastKnownFileType = text.json; path = com.github.macadmins.Nudge.json; sourceTree = "<group>"; };
		0B0CCED925CE1C7C00A93D43 /* OSVersion.swift */ = {isa = PBXFileReference; lastKnownFileType = sourcecode.swift; path = OSVersion.swift; sourceTree = "<group>"; };
		0BC9972B25CE2DFC0019FC8F /* OSVersionTests.swift */ = {isa = PBXFileReference; lastKnownFileType = sourcecode.swift; path = OSVersionTests.swift; sourceTree = "<group>"; };
		414550A727C65A4100D756E3 /* BackgroundBlur.swift */ = {isa = PBXFileReference; fileEncoding = 4; lastKnownFileType = sourcecode.swift; path = BackgroundBlur.swift; sourceTree = "<group>"; };
		41AD2AFF26DE65B1004C52B1 /* QuitButtons.swift */ = {isa = PBXFileReference; lastKnownFileType = sourcecode.swift; path = QuitButtons.swift; sourceTree = "<group>"; };
		41AD2B0126DE6947004C52B1 /* AdditionalInfoButton.swift */ = {isa = PBXFileReference; lastKnownFileType = sourcecode.swift; path = AdditionalInfoButton.swift; sourceTree = "<group>"; };
		41AD2B0326DE6A6B004C52B1 /* CompanyLogo.swift */ = {isa = PBXFileReference; lastKnownFileType = sourcecode.swift; path = CompanyLogo.swift; sourceTree = "<group>"; };
		41AD2B0526DEDB61004C52B1 /* InformationButton.swift */ = {isa = PBXFileReference; lastKnownFileType = sourcecode.swift; path = InformationButton.swift; sourceTree = "<group>"; };
		5836861325DACFE90004514C /* Logger.swift */ = {isa = PBXFileReference; lastKnownFileType = sourcecode.swift; path = Logger.swift; sourceTree = "<group>"; };
		5836861B25DAD01C0004514C /* SoftwareUpdate.swift */ = {isa = PBXFileReference; lastKnownFileType = sourcecode.swift; path = SoftwareUpdate.swift; sourceTree = "<group>"; };
		6316F0E62832CA0700E1354D /* Schema */ = {isa = PBXFileReference; lastKnownFileType = folder; path = Schema; sourceTree = "<group>"; };
		631A6D752BF2654000DC1EF3 /* sofa.swift */ = {isa = PBXFileReference; lastKnownFileType = sourcecode.swift; path = sofa.swift; sourceTree = "<group>"; };
		633C4C702C3F6465005720F0 /* CHANGELOG.md */ = {isa = PBXFileReference; fileEncoding = 4; lastKnownFileType = net.daringfireball.markdown; path = CHANGELOG.md; sourceTree = SOURCE_ROOT; };
		6347351C2B45DC2400C3401D /* CloseButton.swift */ = {isa = PBXFileReference; lastKnownFileType = sourcecode.swift; path = CloseButton.swift; sourceTree = "<group>"; };
		634CE1082BB47480002C26C4 /* gdmf.swift */ = {isa = PBXFileReference; lastKnownFileType = sourcecode.swift; path = gdmf.swift; sourceTree = "<group>"; };
		636B9C0126CACCAB0007BE3B /* DeferView.swift */ = {isa = PBXFileReference; lastKnownFileType = sourcecode.swift; path = DeferView.swift; sourceTree = "<group>"; };
		636C4B4925D1BECE0004A791 /* DefaultPreferencesNudge.swift */ = {isa = PBXFileReference; lastKnownFileType = sourcecode.swift; path = DefaultPreferencesNudge.swift; sourceTree = "<group>"; };
		636C4B7525D4306A0004A791 /* UILogic.swift */ = {isa = PBXFileReference; lastKnownFileType = sourcecode.swift; path = UILogic.swift; sourceTree = "<group>"; };
		637CEBC02A30C9E700EFA3E9 /* Localizable.xcstrings */ = {isa = PBXFileReference; lastKnownFileType = text.json.xcstrings; path = Localizable.xcstrings; sourceTree = "<group>"; };
		6388B6962BFE363B0094F26B /* com.github.macadmins.Nudge.tester.plist */ = {isa = PBXFileReference; lastKnownFileType = text.plist.xml; path = com.github.macadmins.Nudge.tester.plist; sourceTree = "<group>"; };
		6397293C26CDBA4C00BDAF42 /* Nudge-Debug.entitlements */ = {isa = PBXFileReference; lastKnownFileType = text.plist.entitlements; path = "Nudge-Debug.entitlements"; sourceTree = "<group>"; };
		639B6B0E25DC9ED300E38EC1 /* com.github.macadmins.Nudge.mobileconfig */ = {isa = PBXFileReference; fileEncoding = 4; lastKnownFileType = text.xml; path = com.github.macadmins.Nudge.mobileconfig; sourceTree = "<group>"; };
		639B6B3A25DF200C00E38EC1 /* Preferences.swift */ = {isa = PBXFileReference; lastKnownFileType = sourcecode.swift; path = Preferences.swift; sourceTree = "<group>"; };
		639B6B5725DF377B00E38EC1 /* DeviceInfo.swift */ = {isa = PBXFileReference; lastKnownFileType = sourcecode.swift; path = DeviceInfo.swift; sourceTree = "<group>"; };
		639B6B5F25DF37F000E38EC1 /* ScreenShotZoom.swift */ = {isa = PBXFileReference; lastKnownFileType = sourcecode.swift; path = ScreenShotZoom.swift; sourceTree = "<group>"; };
		639B6B6D25DF3C3F00E38EC1 /* SimpleMode.swift */ = {isa = PBXFileReference; lastKnownFileType = sourcecode.swift; path = SimpleMode.swift; sourceTree = "<group>"; };
		639B6BA125DF41DB00E38EC1 /* LeftSide.swift */ = {isa = PBXFileReference; lastKnownFileType = sourcecode.swift; path = LeftSide.swift; sourceTree = "<group>"; };
		639B6BA625DF432D00E38EC1 /* RightSide.swift */ = {isa = PBXFileReference; lastKnownFileType = sourcecode.swift; path = RightSide.swift; sourceTree = "<group>"; };
		639E198125CD885D008F618B /* PreferencesStructure.swift */ = {isa = PBXFileReference; lastKnownFileType = sourcecode.swift; path = PreferencesStructure.swift; sourceTree = "<group>"; };
		639E198925CD9E21008F618B /* Utils.swift */ = {isa = PBXFileReference; lastKnownFileType = sourcecode.swift; path = Utils.swift; sourceTree = "<group>"; };
		63C39C182A38CF540049EF62 /* Defaults.swift */ = {isa = PBXFileReference; lastKnownFileType = sourcecode.swift; path = Defaults.swift; sourceTree = "<group>"; };
		63C39C1A2A38D33C0049EF62 /* Extensions.swift */ = {isa = PBXFileReference; lastKnownFileType = sourcecode.swift; path = Extensions.swift; sourceTree = "<group>"; };
		63C6A08D2833FB6500D5264A /* com.github.macadmins.Nudge.tester.json */ = {isa = PBXFileReference; lastKnownFileType = text.json; path = com.github.macadmins.Nudge.tester.json; sourceTree = "<group>"; };
		63D7D0DF25C9E9A400236281 /* Nudge.app */ = {isa = PBXFileReference; explicitFileType = wrapper.application; includeInIndex = 0; path = Nudge.app; sourceTree = BUILT_PRODUCTS_DIR; };
		63D7D0E225C9E9A400236281 /* Main.swift */ = {isa = PBXFileReference; lastKnownFileType = sourcecode.swift; path = Main.swift; sourceTree = "<group>"; };
		63D7D0E625C9E9A500236281 /* Assets.xcassets */ = {isa = PBXFileReference; lastKnownFileType = folder.assetcatalog; path = Assets.xcassets; sourceTree = "<group>"; };
		63D7D0E925C9E9A500236281 /* Preview Assets.xcassets */ = {isa = PBXFileReference; lastKnownFileType = folder.assetcatalog; path = "Preview Assets.xcassets"; sourceTree = "<group>"; };
		63D7D0EB25C9E9A500236281 /* Info.plist */ = {isa = PBXFileReference; lastKnownFileType = text.plist.xml; path = Info.plist; sourceTree = "<group>"; };
		63D7D0EC25C9E9A500236281 /* Nudge.entitlements */ = {isa = PBXFileReference; lastKnownFileType = text.plist.entitlements; path = Nudge.entitlements; sourceTree = "<group>"; };
		63D7D0F125C9E9A500236281 /* NudgeTests.xctest */ = {isa = PBXFileReference; explicitFileType = wrapper.cfbundle; includeInIndex = 0; path = NudgeTests.xctest; sourceTree = BUILT_PRODUCTS_DIR; };
		63D7D0F525C9E9A500236281 /* NudgeTests.swift */ = {isa = PBXFileReference; lastKnownFileType = sourcecode.swift; path = NudgeTests.swift; sourceTree = "<group>"; };
		63D7D0F725C9E9A500236281 /* Info.plist */ = {isa = PBXFileReference; lastKnownFileType = text.plist.xml; path = Info.plist; sourceTree = "<group>"; };
		63D7D0FC25C9E9A500236281 /* NudgeUITests.xctest */ = {isa = PBXFileReference; explicitFileType = wrapper.cfbundle; includeInIndex = 0; path = NudgeUITests.xctest; sourceTree = BUILT_PRODUCTS_DIR; };
		63D7D10025C9E9A500236281 /* NudgeUITests.swift */ = {isa = PBXFileReference; lastKnownFileType = sourcecode.swift; path = NudgeUITests.swift; sourceTree = "<group>"; };
		63D7D10225C9E9A500236281 /* Info.plist */ = {isa = PBXFileReference; lastKnownFileType = text.plist.xml; path = Info.plist; sourceTree = "<group>"; };
		63D7D12625C9F1EE00236281 /* StandardMode.swift */ = {isa = PBXFileReference; lastKnownFileType = sourcecode.swift; path = StandardMode.swift; sourceTree = "<group>"; };
		63FD280B2B9682CD004E0108 /* postinstall-launchagent */ = {isa = PBXFileReference; lastKnownFileType = text; path = "postinstall-launchagent"; sourceTree = "<group>"; };
		63FD280C2B9682F9004E0108 /* postinstall-logger */ = {isa = PBXFileReference; lastKnownFileType = text; path = "postinstall-logger"; sourceTree = "<group>"; };
		63FD280E2B96831F004E0108 /* postinstall-nudge */ = {isa = PBXFileReference; lastKnownFileType = text; path = "postinstall-nudge"; sourceTree = "<group>"; };
		73CC1D7729B81EE500FBF8E2 /* com.github.macadmins.Nudge.SMAppService.plist */ = {isa = PBXFileReference; fileEncoding = 4; lastKnownFileType = text.plist.xml; path = com.github.macadmins.Nudge.SMAppService.plist; sourceTree = "<group>"; };
/* End PBXFileReference section */

/* Begin PBXFrameworksBuildPhase section */
		63D7D0DC25C9E9A400236281 /* Frameworks */ = {
			isa = PBXFrameworksBuildPhase;
			buildActionMask = 2147483647;
			files = (
			);
			runOnlyForDeploymentPostprocessing = 0;
		};
		63D7D0EE25C9E9A500236281 /* Frameworks */ = {
			isa = PBXFrameworksBuildPhase;
			buildActionMask = 2147483647;
			files = (
			);
			runOnlyForDeploymentPostprocessing = 0;
		};
		63D7D0F925C9E9A500236281 /* Frameworks */ = {
			isa = PBXFrameworksBuildPhase;
			buildActionMask = 2147483647;
			files = (
			);
			runOnlyForDeploymentPostprocessing = 0;
		};
/* End PBXFrameworksBuildPhase section */

/* Begin PBXGroup section */
		031B0F2125D8AE3200E68A28 /* Example Assets */ = {
			isa = PBXGroup;
			children = (
				639B6B0E25DC9ED300E38EC1 /* com.github.macadmins.Nudge.mobileconfig */,
				035C2AEB25D8ABC400429458 /* com.github.macadmins.Nudge.json */,
				63C6A08D2833FB6500D5264A /* com.github.macadmins.Nudge.tester.json */,
				6388B6962BFE363B0094F26B /* com.github.macadmins.Nudge.tester.plist */,
			);
			path = "Example Assets";
			sourceTree = "<group>";
		};
		41AD2AFE26DE657D004C52B1 /* Common */ = {
			isa = PBXGroup;
			children = (
				41AD2B0126DE6947004C52B1 /* AdditionalInfoButton.swift */,
				414550A727C65A4100D756E3 /* BackgroundBlur.swift */,
				41AD2B0326DE6A6B004C52B1 /* CompanyLogo.swift */,
				636B9C0126CACCAB0007BE3B /* DeferView.swift */,
				639B6B5725DF377B00E38EC1 /* DeviceInfo.swift */,
				41AD2B0526DEDB61004C52B1 /* InformationButton.swift */,
				41AD2AFF26DE65B1004C52B1 /* QuitButtons.swift */,
				6347351C2B45DC2400C3401D /* CloseButton.swift */,
			);
			path = Common;
			sourceTree = "<group>";
		};
		634CE1032BB47433002C26C4 /* 3rd Party Assets */ = {
			isa = PBXGroup;
			children = (
				634CE1082BB47480002C26C4 /* gdmf.swift */,
				631A6D752BF2654000DC1EF3 /* sofa.swift */,
			);
			path = "3rd Party Assets";
			sourceTree = "<group>";
		};
		639B6B3925DF1FEB00E38EC1 /* Preferences */ = {
			isa = PBXGroup;
			children = (
				636C4B4925D1BECE0004A791 /* DefaultPreferencesNudge.swift */,
				639E198125CD885D008F618B /* PreferencesStructure.swift */,
			);
			path = Preferences;
			sourceTree = "<group>";
		};
		639B6B4725DF218900E38EC1 /* Utilities */ = {
			isa = PBXGroup;
			children = (
				63C39C1A2A38D33C0049EF62 /* Extensions.swift */,
				5836861325DACFE90004514C /* Logger.swift */,
				0B0CCED925CE1C7C00A93D43 /* OSVersion.swift */,
				639B6B3A25DF200C00E38EC1 /* Preferences.swift */,
				5836861B25DAD01C0004514C /* SoftwareUpdate.swift */,
				636C4B7525D4306A0004A791 /* UILogic.swift */,
				639E198925CD9E21008F618B /* Utils.swift */,
			);
			path = Utilities;
			sourceTree = "<group>";
		};
		639B6B5425DF374600E38EC1 /* UI */ = {
			isa = PBXGroup;
			children = (
				63C39C182A38CF540049EF62 /* Defaults.swift */,
				63D7D0E225C9E9A400236281 /* Main.swift */,
				41AD2AFE26DE657D004C52B1 /* Common */,
				639B6B5625DF376300E38EC1 /* StandardMode */,
				639B6B5525DF375800E38EC1 /* SimpleMode */,
			);
			path = UI;
			sourceTree = "<group>";
		};
		639B6B5525DF375800E38EC1 /* SimpleMode */ = {
			isa = PBXGroup;
			children = (
				639B6B6D25DF3C3F00E38EC1 /* SimpleMode.swift */,
			);
			path = SimpleMode;
			sourceTree = "<group>";
		};
		639B6B5625DF376300E38EC1 /* StandardMode */ = {
			isa = PBXGroup;
			children = (
				63D7D12625C9F1EE00236281 /* StandardMode.swift */,
				639B6B5F25DF37F000E38EC1 /* ScreenShotZoom.swift */,
				639B6BA125DF41DB00E38EC1 /* LeftSide.swift */,
				639B6BA625DF432D00E38EC1 /* RightSide.swift */,
			);
			path = StandardMode;
			sourceTree = "<group>";
		};
		63D7D0D625C9E9A400236281 = {
			isa = PBXGroup;
			children = (
				633C4C702C3F6465005720F0 /* CHANGELOG.md */,
				031B0F2125D8AE3200E68A28 /* Example Assets */,
				6316F0E62832CA0700E1354D /* Schema */,
				637CEBC02A30C9E700EFA3E9 /* Localizable.xcstrings */,
				63D7D0E125C9E9A400236281 /* Nudge */,
				63D7D0F425C9E9A500236281 /* NudgeTests */,
				63D7D0FF25C9E9A500236281 /* NudgeUITests */,
				63D7D0E025C9E9A400236281 /* Products */,
			);
			sourceTree = "<group>";
		};
		63D7D0E025C9E9A400236281 /* Products */ = {
			isa = PBXGroup;
			children = (
				63D7D0DF25C9E9A400236281 /* Nudge.app */,
				63D7D0F125C9E9A500236281 /* NudgeTests.xctest */,
				63D7D0FC25C9E9A500236281 /* NudgeUITests.xctest */,
			);
			name = Products;
			sourceTree = "<group>";
		};
		63D7D0E125C9E9A400236281 /* Nudge */ = {
			isa = PBXGroup;
			children = (
				634CE1032BB47433002C26C4 /* 3rd Party Assets */,
				73CC1D7729B81EE500FBF8E2 /* com.github.macadmins.Nudge.SMAppService.plist */,
				639B6B5425DF374600E38EC1 /* UI */,
				639B6B3925DF1FEB00E38EC1 /* Preferences */,
				639B6B4725DF218900E38EC1 /* Utilities */,
				63FD280A2B968290004E0108 /* Scripts */,
				63D7D0E625C9E9A500236281 /* Assets.xcassets */,
				63D7D0EB25C9E9A500236281 /* Info.plist */,
				63D7D0EC25C9E9A500236281 /* Nudge.entitlements */,
				6397293C26CDBA4C00BDAF42 /* Nudge-Debug.entitlements */,
				63D7D0E825C9E9A500236281 /* Preview Content */,
			);
			path = Nudge;
			sourceTree = "<group>";
		};
		63D7D0E825C9E9A500236281 /* Preview Content */ = {
			isa = PBXGroup;
			children = (
				63D7D0E925C9E9A500236281 /* Preview Assets.xcassets */,
			);
			path = "Preview Content";
			sourceTree = "<group>";
		};
		63D7D0F425C9E9A500236281 /* NudgeTests */ = {
			isa = PBXGroup;
			children = (
				63D7D0F525C9E9A500236281 /* NudgeTests.swift */,
				63D7D0F725C9E9A500236281 /* Info.plist */,
				0BC9972B25CE2DFC0019FC8F /* OSVersionTests.swift */,
			);
			path = NudgeTests;
			sourceTree = "<group>";
		};
		63D7D0FF25C9E9A500236281 /* NudgeUITests */ = {
			isa = PBXGroup;
			children = (
				63D7D10025C9E9A500236281 /* NudgeUITests.swift */,
				63D7D10225C9E9A500236281 /* Info.plist */,
			);
			path = NudgeUITests;
			sourceTree = "<group>";
		};
		63FD280A2B968290004E0108 /* Scripts */ = {
			isa = PBXGroup;
			children = (
				63FD280B2B9682CD004E0108 /* postinstall-launchagent */,
				63FD280C2B9682F9004E0108 /* postinstall-logger */,
				63FD280E2B96831F004E0108 /* postinstall-nudge */,
			);
			path = Scripts;
			sourceTree = "<group>";
		};
/* End PBXGroup section */

/* Begin PBXNativeTarget section */
		63D7D0DE25C9E9A400236281 /* Nudge */ = {
			isa = PBXNativeTarget;
			buildConfigurationList = 63D7D10525C9E9A500236281 /* Build configuration list for PBXNativeTarget "Nudge" */;
			buildPhases = (
				63D7D0DB25C9E9A400236281 /* Sources */,
				63D7D0DC25C9E9A400236281 /* Frameworks */,
				63D7D0DD25C9E9A400236281 /* Resources */,
				73CC1D7929B81EF100FBF8E2 /* CopyFiles */,
			);
			buildRules = (
			);
			dependencies = (
			);
			name = Nudge;
			productName = Nudge;
			productReference = 63D7D0DF25C9E9A400236281 /* Nudge.app */;
			productType = "com.apple.product-type.application";
		};
		63D7D0F025C9E9A500236281 /* NudgeTests */ = {
			isa = PBXNativeTarget;
			buildConfigurationList = 63D7D10825C9E9A500236281 /* Build configuration list for PBXNativeTarget "NudgeTests" */;
			buildPhases = (
				63D7D0ED25C9E9A500236281 /* Sources */,
				63D7D0EE25C9E9A500236281 /* Frameworks */,
				63D7D0EF25C9E9A500236281 /* Resources */,
			);
			buildRules = (
			);
			dependencies = (
				63D7D0F325C9E9A500236281 /* PBXTargetDependency */,
			);
			name = NudgeTests;
			productName = NudgeTests;
			productReference = 63D7D0F125C9E9A500236281 /* NudgeTests.xctest */;
			productType = "com.apple.product-type.bundle.unit-test";
		};
		63D7D0FB25C9E9A500236281 /* NudgeUITests */ = {
			isa = PBXNativeTarget;
			buildConfigurationList = 63D7D10B25C9E9A500236281 /* Build configuration list for PBXNativeTarget "NudgeUITests" */;
			buildPhases = (
				63D7D0F825C9E9A500236281 /* Sources */,
				63D7D0F925C9E9A500236281 /* Frameworks */,
				63D7D0FA25C9E9A500236281 /* Resources */,
			);
			buildRules = (
			);
			dependencies = (
				63D7D0FE25C9E9A500236281 /* PBXTargetDependency */,
			);
			name = NudgeUITests;
			productName = NudgeUITests;
			productReference = 63D7D0FC25C9E9A500236281 /* NudgeUITests.xctest */;
			productType = "com.apple.product-type.bundle.ui-testing";
		};
/* End PBXNativeTarget section */

/* Begin PBXProject section */
		63D7D0D725C9E9A400236281 /* Project object */ = {
			isa = PBXProject;
			attributes = {
				BuildIndependentTargetsInParallel = YES;
				LastSwiftUpdateCheck = 1240;
				LastUpgradeCheck = 1500;
				TargetAttributes = {
					63D7D0DE25C9E9A400236281 = {
						CreatedOnToolsVersion = 12.4;
					};
					63D7D0F025C9E9A500236281 = {
						CreatedOnToolsVersion = 12.4;
						TestTargetID = 63D7D0DE25C9E9A400236281;
					};
					63D7D0FB25C9E9A500236281 = {
						CreatedOnToolsVersion = 12.4;
						TestTargetID = 63D7D0DE25C9E9A400236281;
					};
				};
			};
			buildConfigurationList = 63D7D0DA25C9E9A400236281 /* Build configuration list for PBXProject "Nudge" */;
			compatibilityVersion = "Xcode 14.0";
			developmentRegion = en;
			hasScannedForEncodings = 0;
			knownRegions = (
				en,
				fr,
				es,
				de,
				sv,
				Base,
				nl,
				ko,
				ja,
				zh,
				pt,
				hi,
				ru,
				nb,
				it,
				da,
				pl,
				uk,
			);
			mainGroup = 63D7D0D625C9E9A400236281;
			productRefGroup = 63D7D0E025C9E9A400236281 /* Products */;
			projectDirPath = "";
			projectRoot = "";
			targets = (
				63D7D0DE25C9E9A400236281 /* Nudge */,
				63D7D0F025C9E9A500236281 /* NudgeTests */,
				63D7D0FB25C9E9A500236281 /* NudgeUITests */,
			);
		};
/* End PBXProject section */

/* Begin PBXResourcesBuildPhase section */
		63D7D0DD25C9E9A400236281 /* Resources */ = {
			isa = PBXResourcesBuildPhase;
			buildActionMask = 2147483647;
			files = (
				63FD280F2B96846A004E0108 /* postinstall-launchagent in Resources */,
				63D7D0EA25C9E9A500236281 /* Preview Assets.xcassets in Resources */,
				63FD28122B968475004E0108 /* postinstall-nudge in Resources */,
				63D7D0E725C9E9A500236281 /* Assets.xcassets in Resources */,
				639B6B0F25DC9ED300E38EC1 /* com.github.macadmins.Nudge.mobileconfig in Resources */,
				73CC1D7829B81EE500FBF8E2 /* com.github.macadmins.Nudge.SMAppService.plist in Resources */,
				6388B6972BFE363B0094F26B /* com.github.macadmins.Nudge.tester.plist in Resources */,
				63C6A08E2833FB6500D5264A /* com.github.macadmins.Nudge.tester.json in Resources */,
				035C2AEC25D8ABC400429458 /* com.github.macadmins.Nudge.json in Resources */,
				6316F0E72832CA0700E1354D /* Schema in Resources */,
				63FD28102B96846E004E0108 /* postinstall-logger in Resources */,
				637CEBC12A30C9E700EFA3E9 /* Localizable.xcstrings in Resources */,
			);
			runOnlyForDeploymentPostprocessing = 0;
		};
		63D7D0EF25C9E9A500236281 /* Resources */ = {
			isa = PBXResourcesBuildPhase;
			buildActionMask = 2147483647;
			files = (
			);
			runOnlyForDeploymentPostprocessing = 0;
		};
		63D7D0FA25C9E9A500236281 /* Resources */ = {
			isa = PBXResourcesBuildPhase;
			buildActionMask = 2147483647;
			files = (
				633C4C712C3F6465005720F0 /* CHANGELOG.md in Resources */,
			);
			runOnlyForDeploymentPostprocessing = 0;
		};
/* End PBXResourcesBuildPhase section */

/* Begin PBXSourcesBuildPhase section */
		63D7D0DB25C9E9A400236281 /* Sources */ = {
			isa = PBXSourcesBuildPhase;
			buildActionMask = 2147483647;
			files = (
				63C39C1B2A38D33C0049EF62 /* Extensions.swift in Sources */,
				0B0CCEDA25CE1C7C00A93D43 /* OSVersion.swift in Sources */,
				639E198A25CD9E21008F618B /* Utils.swift in Sources */,
				634CE1092BB47480002C26C4 /* gdmf.swift in Sources */,
				636C4B7625D4306A0004A791 /* UILogic.swift in Sources */,
				41AD2B0026DE65B1004C52B1 /* QuitButtons.swift in Sources */,
				636C4B4A25D1BECE0004A791 /* DefaultPreferencesNudge.swift in Sources */,
				6347351D2B45DC2400C3401D /* CloseButton.swift in Sources */,
				639B6B5825DF377B00E38EC1 /* DeviceInfo.swift in Sources */,
				5836861425DACFE90004514C /* Logger.swift in Sources */,
				41AD2B0426DE6A6B004C52B1 /* CompanyLogo.swift in Sources */,
				41AD2B0626DEDB61004C52B1 /* InformationButton.swift in Sources */,
				414550A827C65A4100D756E3 /* BackgroundBlur.swift in Sources */,
				5836861C25DAD01C0004514C /* SoftwareUpdate.swift in Sources */,
				63D7D12725C9F1EE00236281 /* StandardMode.swift in Sources */,
				639B6B6E25DF3C3F00E38EC1 /* SimpleMode.swift in Sources */,
				639E198225CD885D008F618B /* PreferencesStructure.swift in Sources */,
				639B6B3B25DF200C00E38EC1 /* Preferences.swift in Sources */,
				631A6D762BF2654000DC1EF3 /* sofa.swift in Sources */,
				63D7D0E325C9E9A400236281 /* Main.swift in Sources */,
				639B6B6025DF37F000E38EC1 /* ScreenShotZoom.swift in Sources */,
				41AD2B0226DE6947004C52B1 /* AdditionalInfoButton.swift in Sources */,
				636B9C0226CACCAB0007BE3B /* DeferView.swift in Sources */,
				639B6BA225DF41DB00E38EC1 /* LeftSide.swift in Sources */,
				639B6BA725DF432D00E38EC1 /* RightSide.swift in Sources */,
				63C39C192A38CF540049EF62 /* Defaults.swift in Sources */,
			);
			runOnlyForDeploymentPostprocessing = 0;
		};
		63D7D0ED25C9E9A500236281 /* Sources */ = {
			isa = PBXSourcesBuildPhase;
			buildActionMask = 2147483647;
			files = (
				0BC9972C25CE2DFC0019FC8F /* OSVersionTests.swift in Sources */,
				63D7D0F625C9E9A500236281 /* NudgeTests.swift in Sources */,
				634CE10A2BB47480002C26C4 /* gdmf.swift in Sources */,
			);
			runOnlyForDeploymentPostprocessing = 0;
		};
		63D7D0F825C9E9A500236281 /* Sources */ = {
			isa = PBXSourcesBuildPhase;
			buildActionMask = 2147483647;
			files = (
				63D7D10125C9E9A500236281 /* NudgeUITests.swift in Sources */,
				634CE10B2BB47480002C26C4 /* gdmf.swift in Sources */,
			);
			runOnlyForDeploymentPostprocessing = 0;
		};
/* End PBXSourcesBuildPhase section */

/* Begin PBXTargetDependency section */
		63D7D0F325C9E9A500236281 /* PBXTargetDependency */ = {
			isa = PBXTargetDependency;
			target = 63D7D0DE25C9E9A400236281 /* Nudge */;
			targetProxy = 63D7D0F225C9E9A500236281 /* PBXContainerItemProxy */;
		};
		63D7D0FE25C9E9A500236281 /* PBXTargetDependency */ = {
			isa = PBXTargetDependency;
			target = 63D7D0DE25C9E9A400236281 /* Nudge */;
			targetProxy = 63D7D0FD25C9E9A500236281 /* PBXContainerItemProxy */;
		};
/* End PBXTargetDependency section */

/* Begin XCBuildConfiguration section */
		63D7D10325C9E9A500236281 /* Debug */ = {
			isa = XCBuildConfiguration;
			buildSettings = {
				ALWAYS_SEARCH_USER_PATHS = NO;
				ASSETCATALOG_COMPILER_GENERATE_SWIFT_ASSET_SYMBOL_EXTENSIONS = YES;
				CLANG_ANALYZER_LOCALIZABILITY_NONLOCALIZED = YES;
				CLANG_ANALYZER_NONNULL = YES;
				CLANG_ANALYZER_NUMBER_OBJECT_CONVERSION = YES_AGGRESSIVE;
				CLANG_CXX_LANGUAGE_STANDARD = "gnu++14";
				CLANG_CXX_LIBRARY = "libc++";
				CLANG_ENABLE_MODULES = YES;
				CLANG_ENABLE_OBJC_ARC = YES;
				CLANG_ENABLE_OBJC_WEAK = YES;
				CLANG_WARN_BLOCK_CAPTURE_AUTORELEASING = YES;
				CLANG_WARN_BOOL_CONVERSION = YES;
				CLANG_WARN_COMMA = YES;
				CLANG_WARN_CONSTANT_CONVERSION = YES;
				CLANG_WARN_DEPRECATED_OBJC_IMPLEMENTATIONS = YES;
				CLANG_WARN_DIRECT_OBJC_ISA_USAGE = YES_ERROR;
				CLANG_WARN_DOCUMENTATION_COMMENTS = YES;
				CLANG_WARN_EMPTY_BODY = YES;
				CLANG_WARN_ENUM_CONVERSION = YES;
				CLANG_WARN_INFINITE_RECURSION = YES;
				CLANG_WARN_INT_CONVERSION = YES;
				CLANG_WARN_NON_LITERAL_NULL_CONVERSION = YES;
				CLANG_WARN_OBJC_IMPLICIT_RETAIN_SELF = YES;
				CLANG_WARN_OBJC_LITERAL_CONVERSION = YES;
				CLANG_WARN_OBJC_ROOT_CLASS = YES_ERROR;
				CLANG_WARN_QUOTED_INCLUDE_IN_FRAMEWORK_HEADER = YES;
				CLANG_WARN_RANGE_LOOP_ANALYSIS = YES;
				CLANG_WARN_STRICT_PROTOTYPES = YES;
				CLANG_WARN_SUSPICIOUS_MOVE = YES;
				CLANG_WARN_UNGUARDED_AVAILABILITY = YES_AGGRESSIVE;
				CLANG_WARN_UNREACHABLE_CODE = YES;
				CLANG_WARN__DUPLICATE_METHOD_MATCH = YES;
				COPY_PHASE_STRIP = NO;
				DEAD_CODE_STRIPPING = YES;
				DEBUG_INFORMATION_FORMAT = dwarf;
				ENABLE_STRICT_OBJC_MSGSEND = YES;
				ENABLE_TESTABILITY = YES;
				ENABLE_USER_SCRIPT_SANDBOXING = YES;
				GCC_C_LANGUAGE_STANDARD = gnu11;
				GCC_DYNAMIC_NO_PIC = NO;
				GCC_NO_COMMON_BLOCKS = YES;
				GCC_OPTIMIZATION_LEVEL = 0;
				GCC_PREPROCESSOR_DEFINITIONS = (
					"DEBUG=1",
					"$(inherited)",
				);
				GCC_WARN_64_TO_32_BIT_CONVERSION = YES;
				GCC_WARN_ABOUT_RETURN_TYPE = YES_ERROR;
				GCC_WARN_UNDECLARED_SELECTOR = YES;
				GCC_WARN_UNINITIALIZED_AUTOS = YES_AGGRESSIVE;
				GCC_WARN_UNUSED_FUNCTION = YES;
				GCC_WARN_UNUSED_VARIABLE = YES;
				LOCALIZATION_PREFERS_STRING_CATALOGS = YES;
				MACOSX_DEPLOYMENT_TARGET = 12.0;
				MTL_ENABLE_DEBUG_INFO = INCLUDE_SOURCE;
				MTL_FAST_MATH = YES;
				ONLY_ACTIVE_ARCH = YES;
				SDKROOT = macosx;
				SWIFT_ACTIVE_COMPILATION_CONDITIONS = DEBUG;
				SWIFT_OPTIMIZATION_LEVEL = "-Onone";
			};
			name = Debug;
		};
		63D7D10425C9E9A500236281 /* Release */ = {
			isa = XCBuildConfiguration;
			buildSettings = {
				ALWAYS_SEARCH_USER_PATHS = NO;
				ASSETCATALOG_COMPILER_GENERATE_SWIFT_ASSET_SYMBOL_EXTENSIONS = YES;
				CLANG_ANALYZER_LOCALIZABILITY_NONLOCALIZED = YES;
				CLANG_ANALYZER_NONNULL = YES;
				CLANG_ANALYZER_NUMBER_OBJECT_CONVERSION = YES_AGGRESSIVE;
				CLANG_CXX_LANGUAGE_STANDARD = "gnu++14";
				CLANG_CXX_LIBRARY = "libc++";
				CLANG_ENABLE_MODULES = YES;
				CLANG_ENABLE_OBJC_ARC = YES;
				CLANG_ENABLE_OBJC_WEAK = YES;
				CLANG_WARN_BLOCK_CAPTURE_AUTORELEASING = YES;
				CLANG_WARN_BOOL_CONVERSION = YES;
				CLANG_WARN_COMMA = YES;
				CLANG_WARN_CONSTANT_CONVERSION = YES;
				CLANG_WARN_DEPRECATED_OBJC_IMPLEMENTATIONS = YES;
				CLANG_WARN_DIRECT_OBJC_ISA_USAGE = YES_ERROR;
				CLANG_WARN_DOCUMENTATION_COMMENTS = YES;
				CLANG_WARN_EMPTY_BODY = YES;
				CLANG_WARN_ENUM_CONVERSION = YES;
				CLANG_WARN_INFINITE_RECURSION = YES;
				CLANG_WARN_INT_CONVERSION = YES;
				CLANG_WARN_NON_LITERAL_NULL_CONVERSION = YES;
				CLANG_WARN_OBJC_IMPLICIT_RETAIN_SELF = YES;
				CLANG_WARN_OBJC_LITERAL_CONVERSION = YES;
				CLANG_WARN_OBJC_ROOT_CLASS = YES_ERROR;
				CLANG_WARN_QUOTED_INCLUDE_IN_FRAMEWORK_HEADER = YES;
				CLANG_WARN_RANGE_LOOP_ANALYSIS = YES;
				CLANG_WARN_STRICT_PROTOTYPES = YES;
				CLANG_WARN_SUSPICIOUS_MOVE = YES;
				CLANG_WARN_UNGUARDED_AVAILABILITY = YES_AGGRESSIVE;
				CLANG_WARN_UNREACHABLE_CODE = YES;
				CLANG_WARN__DUPLICATE_METHOD_MATCH = YES;
				COPY_PHASE_STRIP = NO;
				DEAD_CODE_STRIPPING = YES;
				DEBUG_INFORMATION_FORMAT = "dwarf-with-dsym";
				ENABLE_NS_ASSERTIONS = NO;
				ENABLE_STRICT_OBJC_MSGSEND = YES;
				ENABLE_USER_SCRIPT_SANDBOXING = YES;
				GCC_C_LANGUAGE_STANDARD = gnu11;
				GCC_NO_COMMON_BLOCKS = YES;
				GCC_WARN_64_TO_32_BIT_CONVERSION = YES;
				GCC_WARN_ABOUT_RETURN_TYPE = YES_ERROR;
				GCC_WARN_UNDECLARED_SELECTOR = YES;
				GCC_WARN_UNINITIALIZED_AUTOS = YES_AGGRESSIVE;
				GCC_WARN_UNUSED_FUNCTION = YES;
				GCC_WARN_UNUSED_VARIABLE = YES;
				LOCALIZATION_PREFERS_STRING_CATALOGS = YES;
				MACOSX_DEPLOYMENT_TARGET = 12.0;
				MTL_ENABLE_DEBUG_INFO = NO;
				MTL_FAST_MATH = YES;
				SDKROOT = macosx;
				SWIFT_COMPILATION_MODE = wholemodule;
				SWIFT_OPTIMIZATION_LEVEL = "-O";
			};
			name = Release;
		};
		63D7D10625C9E9A500236281 /* Debug */ = {
			isa = XCBuildConfiguration;
			buildSettings = {
				ASSETCATALOG_COMPILER_APPICON_NAME = AppIcon;
				ASSETCATALOG_COMPILER_GLOBAL_ACCENT_COLOR_NAME = AccentColor;
				CODE_SIGN_ENTITLEMENTS = "Nudge/Nudge-Debug.entitlements";
				CODE_SIGN_IDENTITY = "-";
				CODE_SIGN_STYLE = Manual;
				COMBINE_HIDPI_IMAGES = YES;
				CURRENT_PROJECT_VERSION = 1;
				DEAD_CODE_STRIPPING = YES;
				DEVELOPMENT_ASSET_PATHS = "\"Nudge/Preview Content\"";
				DEVELOPMENT_TEAM = "";
				ENABLE_HARDENED_RUNTIME = YES;
				ENABLE_PREVIEWS = YES;
				INFOPLIST_FILE = Nudge/Info.plist;
				LD_RUNPATH_SEARCH_PATHS = (
					"$(inherited)",
					"@executable_path/../Frameworks",
				);
				MACOSX_DEPLOYMENT_TARGET = 12.0;
				MARKETING_VERSION = 2.0.6;
				PRODUCT_BUNDLE_IDENTIFIER = com.github.macadmins.Nudge;
				PRODUCT_NAME = "$(TARGET_NAME)";
				PROVISIONING_PROFILE_SPECIFIER = "";
				SWIFT_EMIT_LOC_STRINGS = YES;
				SWIFT_VERSION = 5.0;
				VERSIONING_SYSTEM = "apple-generic";
			};
			name = Debug;
		};
		63D7D10725C9E9A500236281 /* Release */ = {
			isa = XCBuildConfiguration;
			buildSettings = {
				ASSETCATALOG_COMPILER_APPICON_NAME = AppIcon;
				ASSETCATALOG_COMPILER_GLOBAL_ACCENT_COLOR_NAME = AccentColor;
				CODE_SIGN_ENTITLEMENTS = Nudge/Nudge.entitlements;
				CODE_SIGN_IDENTITY = "Developer ID Application";
				CODE_SIGN_STYLE = Manual;
				COMBINE_HIDPI_IMAGES = YES;
				CURRENT_PROJECT_VERSION = 1;
				DEAD_CODE_STRIPPING = YES;
				DEVELOPMENT_ASSET_PATHS = "\"Nudge/Preview Content\"";
				DEVELOPMENT_TEAM = T4SK8ZXCXG;
				ENABLE_HARDENED_RUNTIME = YES;
				ENABLE_PREVIEWS = YES;
				INFOPLIST_FILE = Nudge/Info.plist;
				LD_RUNPATH_SEARCH_PATHS = (
					"$(inherited)",
					"@executable_path/../Frameworks",
				);
				MACOSX_DEPLOYMENT_TARGET = 12.0;
				MARKETING_VERSION = 2.0.6;
				PRODUCT_BUNDLE_IDENTIFIER = com.github.macadmins.Nudge;
				PRODUCT_NAME = "$(TARGET_NAME)";
				PROVISIONING_PROFILE_SPECIFIER = "";
				SWIFT_EMIT_LOC_STRINGS = YES;
				SWIFT_VERSION = 5.0;
				VERSIONING_SYSTEM = "apple-generic";
			};
			name = Release;
		};
		63D7D10925C9E9A500236281 /* Debug */ = {
			isa = XCBuildConfiguration;
			buildSettings = {
				ALWAYS_EMBED_SWIFT_STANDARD_LIBRARIES = YES;
				BUNDLE_LOADER = "$(TEST_HOST)";
				CODE_SIGN_IDENTITY = "-";
				CODE_SIGN_STYLE = Manual;
				COMBINE_HIDPI_IMAGES = YES;
				CURRENT_PROJECT_VERSION = 1.0.0;
				DEAD_CODE_STRIPPING = YES;
				DEVELOPMENT_TEAM = T4SK8ZXCXG;
				INFOPLIST_FILE = NudgeTests/Info.plist;
				LD_RUNPATH_SEARCH_PATHS = (
					"$(inherited)",
					"@executable_path/../Frameworks",
					"@loader_path/../Frameworks",
				);
				MACOSX_DEPLOYMENT_TARGET = 12.0;
				MARKETING_VERSION = 0.0.2;
				PRODUCT_BUNDLE_IDENTIFIER = com.github.macadmins.NudgeTests;
				PRODUCT_NAME = "$(TARGET_NAME)";
				PROVISIONING_PROFILE_SPECIFIER = "";
				SWIFT_VERSION = 5.0;
				TEST_HOST = "$(BUILT_PRODUCTS_DIR)/Nudge.app/Contents/MacOS/Nudge";
				VERSIONING_SYSTEM = "apple-generic";
			};
			name = Debug;
		};
		63D7D10A25C9E9A500236281 /* Release */ = {
			isa = XCBuildConfiguration;
			buildSettings = {
				ALWAYS_EMBED_SWIFT_STANDARD_LIBRARIES = YES;
				BUNDLE_LOADER = "$(TEST_HOST)";
				CODE_SIGN_IDENTITY = "Developer ID Installer";
				CODE_SIGN_STYLE = Manual;
				COMBINE_HIDPI_IMAGES = YES;
				CURRENT_PROJECT_VERSION = 1.0.0;
				DEAD_CODE_STRIPPING = YES;
				DEVELOPMENT_TEAM = T4SK8ZXCXG;
				INFOPLIST_FILE = NudgeTests/Info.plist;
				LD_RUNPATH_SEARCH_PATHS = (
					"$(inherited)",
					"@executable_path/../Frameworks",
					"@loader_path/../Frameworks",
				);
				MACOSX_DEPLOYMENT_TARGET = 12.0;
				MARKETING_VERSION = 0.0.2;
				PRODUCT_BUNDLE_IDENTIFIER = com.github.macadmins.NudgeTests;
				PRODUCT_NAME = "$(TARGET_NAME)";
				PROVISIONING_PROFILE_SPECIFIER = "";
				SWIFT_VERSION = 5.0;
				TEST_HOST = "$(BUILT_PRODUCTS_DIR)/Nudge.app/Contents/MacOS/Nudge";
				VERSIONING_SYSTEM = "apple-generic";
			};
			name = Release;
		};
		63D7D10C25C9E9A500236281 /* Debug */ = {
			isa = XCBuildConfiguration;
			buildSettings = {
				ALWAYS_EMBED_SWIFT_STANDARD_LIBRARIES = YES;
				CODE_SIGN_IDENTITY = "-";
				CODE_SIGN_STYLE = Manual;
				COMBINE_HIDPI_IMAGES = YES;
				CURRENT_PROJECT_VERSION = 1.0.0;
				DEAD_CODE_STRIPPING = YES;
				DEVELOPMENT_TEAM = T4SK8ZXCXG;
				INFOPLIST_FILE = NudgeUITests/Info.plist;
				LD_RUNPATH_SEARCH_PATHS = (
					"$(inherited)",
					"@executable_path/../Frameworks",
					"@loader_path/../Frameworks",
				);
				MARKETING_VERSION = 0.0.2;
				PRODUCT_BUNDLE_IDENTIFIER = com.github.macadmins.NudgeUITests;
				PRODUCT_NAME = "$(TARGET_NAME)";
				PROVISIONING_PROFILE_SPECIFIER = "";
				SWIFT_VERSION = 5.0;
				TEST_TARGET_NAME = Nudge;
				VERSIONING_SYSTEM = "apple-generic";
			};
			name = Debug;
		};
		63D7D10D25C9E9A500236281 /* Release */ = {
			isa = XCBuildConfiguration;
			buildSettings = {
				ALWAYS_EMBED_SWIFT_STANDARD_LIBRARIES = YES;
				CODE_SIGN_IDENTITY = "Developer ID Application";
				CODE_SIGN_STYLE = Manual;
				COMBINE_HIDPI_IMAGES = YES;
				CURRENT_PROJECT_VERSION = 1.0.0;
				DEAD_CODE_STRIPPING = YES;
				DEVELOPMENT_TEAM = T4SK8ZXCXG;
				INFOPLIST_FILE = NudgeUITests/Info.plist;
				LD_RUNPATH_SEARCH_PATHS = (
					"$(inherited)",
					"@executable_path/../Frameworks",
					"@loader_path/../Frameworks",
				);
				MARKETING_VERSION = 0.0.2;
				PRODUCT_BUNDLE_IDENTIFIER = com.github.macadmins.NudgeUITests;
				PRODUCT_NAME = "$(TARGET_NAME)";
				PROVISIONING_PROFILE_SPECIFIER = "";
				SWIFT_VERSION = 5.0;
				TEST_TARGET_NAME = Nudge;
				VERSIONING_SYSTEM = "apple-generic";
			};
			name = Release;
		};
/* End XCBuildConfiguration section */

/* Begin XCConfigurationList section */
		63D7D0DA25C9E9A400236281 /* Build configuration list for PBXProject "Nudge" */ = {
			isa = XCConfigurationList;
			buildConfigurations = (
				63D7D10325C9E9A500236281 /* Debug */,
				63D7D10425C9E9A500236281 /* Release */,
			);
			defaultConfigurationIsVisible = 0;
			defaultConfigurationName = Release;
		};
		63D7D10525C9E9A500236281 /* Build configuration list for PBXNativeTarget "Nudge" */ = {
			isa = XCConfigurationList;
			buildConfigurations = (
				63D7D10625C9E9A500236281 /* Debug */,
				63D7D10725C9E9A500236281 /* Release */,
			);
			defaultConfigurationIsVisible = 0;
			defaultConfigurationName = Release;
		};
		63D7D10825C9E9A500236281 /* Build configuration list for PBXNativeTarget "NudgeTests" */ = {
			isa = XCConfigurationList;
			buildConfigurations = (
				63D7D10925C9E9A500236281 /* Debug */,
				63D7D10A25C9E9A500236281 /* Release */,
			);
			defaultConfigurationIsVisible = 0;
			defaultConfigurationName = Release;
		};
		63D7D10B25C9E9A500236281 /* Build configuration list for PBXNativeTarget "NudgeUITests" */ = {
			isa = XCConfigurationList;
			buildConfigurations = (
				63D7D10C25C9E9A500236281 /* Debug */,
				63D7D10D25C9E9A500236281 /* Release */,
			);
			defaultConfigurationIsVisible = 0;
			defaultConfigurationName = Release;
		};
/* End XCConfigurationList section */
	};
	rootObject = 63D7D0D725C9E9A400236281 /* Project object */;
}
